
Microsoft Visual Studio Solution File, Format Version 12.00
# Visual Studio Version 17
VisualStudioVersion = 17.2.32519.379
MinimumVisualStudioVersion = 10.0.40219.1
Project("{9A19103F-16F7-4668-BE54-9A1E7A4F7556}") = "BasicPaxosUI", "BasicPaxosUI\BasicPaxosUI.csproj", "{5791B710-5922-4889-9DD4-1FA11EF4191A}"
EndProject
Project("{9A19103F-16F7-4668-BE54-9A1E7A4F7556}") = "BasicPaxosCore", "BasicPaxosCore\BasicPaxosCore.csproj", "{01717160-66E8-4E76-83FB-D4798F3C2548}"
EndProject
Global
	GlobalSection(SolutionConfigurationPlatforms) = preSolution
		Debug|Any CPU = Debug|Any CPU
		Release|Any CPU = Release|Any CPU
	EndGlobalSection
	GlobalSection(ProjectConfigurationPlatforms) = postSolution
		{5791B710-5922-4889-9DD4-1FA11EF4191A}.Debug|Any CPU.ActiveCfg = Debug|Any CPU
		{5791B710-5922-4889-9DD4-1FA11EF4191A}.Debug|Any CPU.Build.0 = Debug|Any CPU
		{5791B710-5922-4889-9DD4-1FA11EF4191A}.Release|Any CPU.ActiveCfg = Release|Any CPU
		{5791B710-5922-4889-9DD4-1FA11EF4191A}.Release|Any CPU.Build.0 = Release|Any CPU
		{01717160-66E8-4E76-83FB-D4798F3C2548}.Debug|Any CPU.ActiveCfg = Debug|Any CPU
		{01717160-66E8-4E76-83FB-D4798F3C2548}.Debug|Any CPU.Build.0 = Debug|Any CPU
		{01717160-66E8-4E76-83FB-D4798F3C2548}.Release|Any CPU.ActiveCfg = Release|Any CPU
		{01717160-66E8-4E76-83FB-D4798F3C2548}.Release|Any CPU.Build.0 = Release|Any CPU
	EndGlobalSection
	GlobalSection(SolutionProperties) = preSolution
		HideSolutionNode = FALSE
	EndGlobalSection
	GlobalSection(ExtensibilityGlobals) = postSolution
		SolutionGuid = {C3B8B60B-3D45-427E-8D4F-BF24AB234C11}
	EndGlobalSection
EndGlobal
